{
  "name": "CreateReact",
  "lockfileVersion": 3,
  "requires": true,
  "packages": {
    "": {
      "dependencies": {
        "@babel/standalone": "^7.23.6"
      }
    },
    "node_modules/@babel/standalone": {
      "version": "7.23.6",
      "resolved": "https://registry.npmjs.org/@babel/standalone/-/standalone-7.23.6.tgz",
      "integrity": "sha512-+AzS6BZwZdSosrgS/TiGDYLxtlefARKClWgJ4ql//XfmV9KbPWbkEekvbvDRJ8a6qog8E9j3CziHLz5dbIEMyw==",
      "engines": {
        "node": ">=6.9.0"
      }
    }
  }
}
